
Microsoft Visual Studio Solution File, Format Version 12.00
# Visual Studio Version 17
VisualStudioVersion = 17.11.35327.3
MinimumVisualStudioVersion = 10.0.40219.1
Project("{FAE04EC0-301F-11D3-BF4B-00C04F79EFBC}") = "LARSPS_V3.Server", "LARSPS_V3.Server\LARSPS_V3.Server.csproj", "{91A500E8-4C93-461F-99BA-0BED56326B58}"
EndProject
Project("{54A90642-561A-4BB1-A94E-469ADEE60C69}") = "larsps_v3.client", "larsps_v3.client\larsps_v3.client.esproj", "{1FA4CA58-6E6C-4623-80C7-72880DC1E440}"
EndProject
Global
	GlobalSection(SolutionConfigurationPlatforms) = preSolution
		Debug|Any CPU = Debug|Any CPU
		Release|Any CPU = Release|Any CPU
	EndGlobalSection
	GlobalSection(ProjectConfigurationPlatforms) = postSolution
		{91A500E8-4C93-461F-99BA-0BED56326B58}.Debug|Any CPU.ActiveCfg = Debug|Any CPU
		{91A500E8-4C93-461F-99BA-0BED56326B58}.Debug|Any CPU.Build.0 = Debug|Any CPU
		{91A500E8-4C93-461F-99BA-0BED56326B58}.Release|Any CPU.ActiveCfg = Release|Any CPU
		{91A500E8-4C93-461F-99BA-0BED56326B58}.Release|Any CPU.Build.0 = Release|Any CPU
		{1FA4CA58-6E6C-4623-80C7-72880DC1E440}.Debug|Any CPU.ActiveCfg = Debug|Any CPU
		{1FA4CA58-6E6C-4623-80C7-72880DC1E440}.Debug|Any CPU.Build.0 = Debug|Any CPU
		{1FA4CA58-6E6C-4623-80C7-72880DC1E440}.Debug|Any CPU.Deploy.0 = Debug|Any CPU
		{1FA4CA58-6E6C-4623-80C7-72880DC1E440}.Release|Any CPU.ActiveCfg = Release|Any CPU
		{1FA4CA58-6E6C-4623-80C7-72880DC1E440}.Release|Any CPU.Build.0 = Release|Any CPU
		{1FA4CA58-6E6C-4623-80C7-72880DC1E440}.Release|Any CPU.Deploy.0 = Release|Any CPU
	EndGlobalSection
	GlobalSection(SolutionProperties) = preSolution
		HideSolutionNode = FALSE
	EndGlobalSection
	GlobalSection(ExtensibilityGlobals) = postSolution
		SolutionGuid = {03E27144-4725-4652-B32A-D65502B9506E}
	EndGlobalSection
EndGlobal
